
Microsoft Visual Studio Solution File, Format Version 12.00
# Visual Studio Version 16
VisualStudioVersion = 16.0.30225.117
MinimumVisualStudioVersion = 10.0.40219.1
Project("{FAE04EC0-301F-11D3-BF4B-00C04F79EFBC}") = "HobbyListForHobbyist", "HobbyListForHobbyist\HobbyListForHobbyist.csproj", "{2D01E50E-9021-4E8F-863E-944E097419A9}"
EndProject
Global
	GlobalSection(SolutionConfigurationPlatforms) = preSolution
		Debug|Any CPU = Debug|Any CPU
		Release|Any CPU = Release|Any CPU
	EndGlobalSection
	GlobalSection(ProjectConfigurationPlatforms) = postSolution
		{2D01E50E-9021-4E8F-863E-944E097419A9}.Debug|Any CPU.ActiveCfg = Debug|Any CPU
		{2D01E50E-9021-4E8F-863E-944E097419A9}.Debug|Any CPU.Build.0 = Debug|Any CPU
		{2D01E50E-9021-4E8F-863E-944E097419A9}.Release|Any CPU.ActiveCfg = Release|Any CPU
		{2D01E50E-9021-4E8F-863E-944E097419A9}.Release|Any CPU.Build.0 = Release|Any CPU
	EndGlobalSection
	GlobalSection(SolutionProperties) = preSolution
		HideSolutionNode = FALSE
	EndGlobalSection
	GlobalSection(ExtensibilityGlobals) = postSolution
		SolutionGuid = {FEA329C1-423A-480F-8CD4-D6FD7AEE30BD}
	EndGlobalSection
EndGlobal
